// !$*UTF8*$!
{
	archiveVersion = 1;
	classes = {
	};
	objectVersion = 55;
	objects = {

/* Begin PBXBuildFile section */
		9B641A8B039B6FB2B72BA3E1 /* Pods_IMDb_Movies.framework in Frameworks */ = {isa = PBXBuildFile; fileRef = A4FC18697812EA2D8CEBDE5E /* Pods_IMDb_Movies.framework */; };
		B57632E9284A334C0058FB3B /* ActorsHorizontalScroll.swift in Sources */ = {isa = PBXBuildFile; fileRef = B57632E8284A334C0058FB3B /* ActorsHorizontalScroll.swift */; };
		B578AB84285247680039A5FF /* FilmsInteractor.swift in Sources */ = {isa = PBXBuildFile; fileRef = B578AB83285247680039A5FF /* FilmsInteractor.swift */; };
		B578AB862852559B0039A5FF /* Extensions.swift in Sources */ = {isa = PBXBuildFile; fileRef = B578AB852852559B0039A5FF /* Extensions.swift */; };
		B578AB88285274A00039A5FF /* RatingFrame.swift in Sources */ = {isa = PBXBuildFile; fileRef = B578AB87285274A00039A5FF /* RatingFrame.swift */; };
		B578AB8C2853AFEA0039A5FF /* LoginView.swift in Sources */ = {isa = PBXBuildFile; fileRef = B578AB8B2853AFEA0039A5FF /* LoginView.swift */; };
		B578AB8F2853D8C00039A5FF /* AuthViewModel.swift in Sources */ = {isa = PBXBuildFile; fileRef = B578AB8E2853D8C00039A5FF /* AuthViewModel.swift */; };
		B578AB912853E0C50039A5FF /* ContentView.swift in Sources */ = {isa = PBXBuildFile; fileRef = B578AB902853E0C50039A5FF /* ContentView.swift */; };
		B579662F28547A9000A01FF4 /* AccountView.swift in Sources */ = {isa = PBXBuildFile; fileRef = B579662E28547A9000A01FF4 /* AccountView.swift */; };
		B58C7BCE28547BD50097501C /* AppTabView.swift in Sources */ = {isa = PBXBuildFile; fileRef = B58C7BCD28547BD50097501C /* AppTabView.swift */; };
		B5AEFCA22855CE6C00AC6B5F /* SearchView.swift in Sources */ = {isa = PBXBuildFile; fileRef = B5AEFCA12855CE6C00AC6B5F /* SearchView.swift */; };
		B5AEFCC82856642100AC6B5F /* SearchViewModel.swift in Sources */ = {isa = PBXBuildFile; fileRef = B5AEFCC72856642100AC6B5F /* SearchViewModel.swift */; };
		B5C0B33D2842ABAB00A1EBBE /* IMDb_MoviesApp.swift in Sources */ = {isa = PBXBuildFile; fileRef = B5C0B33C2842ABAB00A1EBBE /* IMDb_MoviesApp.swift */; };
		B5C0B33F2842ABAB00A1EBBE /* HomeView.swift in Sources */ = {isa = PBXBuildFile; fileRef = B5C0B33E2842ABAB00A1EBBE /* HomeView.swift */; };
		B5C0B3412842ABAF00A1EBBE /* Assets.xcassets in Resources */ = {isa = PBXBuildFile; fileRef = B5C0B3402842ABAF00A1EBBE /* Assets.xcassets */; };
		B5C0B3442842ABAF00A1EBBE /* Preview Assets.xcassets in Resources */ = {isa = PBXBuildFile; fileRef = B5C0B3432842ABAF00A1EBBE /* Preview Assets.xcassets */; };
		B5C0B3532842B3F400A1EBBE /* IMDbQuery.swift in Sources */ = {isa = PBXBuildFile; fileRef = B5C0B3522842B3F400A1EBBE /* IMDbQuery.swift */; };
		B5C0B3552842B77E00A1EBBE /* FilmsListViewModel.swift in Sources */ = {isa = PBXBuildFile; fileRef = B5C0B3542842B77E00A1EBBE /* FilmsListViewModel.swift */; };
		B5C0B3572844130600A1EBBE /* FilmDetailView.swift in Sources */ = {isa = PBXBuildFile; fileRef = B5C0B3562844130600A1EBBE /* FilmDetailView.swift */; };
		B5C0B3592844DA2A00A1EBBE /* IMDbService.swift in Sources */ = {isa = PBXBuildFile; fileRef = B5C0B3582844DA2A00A1EBBE /* IMDbService.swift */; };
		B5C0B35B2846ADC200A1EBBE /* Film.swift in Sources */ = {isa = PBXBuildFile; fileRef = B5C0B35A2846ADC200A1EBBE /* Film.swift */; };
		B5C0B35D2846AF0E00A1EBBE /* Repository.swift in Sources */ = {isa = PBXBuildFile; fileRef = B5C0B35C2846AF0E00A1EBBE /* Repository.swift */; };
		B5C0B35F28475FFD00A1EBBE /* RealmModels.swift in Sources */ = {isa = PBXBuildFile; fileRef = B5C0B35E28475FFD00A1EBBE /* RealmModels.swift */; };
		B5C0B3612847682800A1EBBE /* DBManager.swift in Sources */ = {isa = PBXBuildFile; fileRef = B5C0B3602847682800A1EBBE /* DBManager.swift */; };
		B5C0B3642848C14900A1EBBE /* Poster.swift in Sources */ = {isa = PBXBuildFile; fileRef = B5C0B3632848C14900A1EBBE /* Poster.swift */; };
		B5C0B3662849332600A1EBBE /* FilmDetailViewModel.swift in Sources */ = {isa = PBXBuildFile; fileRef = B5C0B3652849332600A1EBBE /* FilmDetailViewModel.swift */; };
		B5C0B3682849476E00A1EBBE /* PostersHorizontalScroll.swift in Sources */ = {isa = PBXBuildFile; fileRef = B5C0B3672849476E00A1EBBE /* PostersHorizontalScroll.swift */; };
		B5F8B9B7285749C100C59347 /* InListPosterView.swift in Sources */ = {isa = PBXBuildFile; fileRef = B5F8B9B6285749C100C59347 /* InListPosterView.swift */; };
/* End PBXBuildFile section */

/* Begin PBXFileReference section */
		7A59DA9F18E73B2E47403895 /* Pods-IMDb Movies.release.xcconfig */ = {isa = PBXFileReference; includeInIndex = 1; lastKnownFileType = text.xcconfig; name = "Pods-IMDb Movies.release.xcconfig"; path = "Target Support Files/Pods-IMDb Movies/Pods-IMDb Movies.release.xcconfig"; sourceTree = "<group>"; };
		A4FC18697812EA2D8CEBDE5E /* Pods_IMDb_Movies.framework */ = {isa = PBXFileReference; explicitFileType = wrapper.framework; includeInIndex = 0; path = Pods_IMDb_Movies.framework; sourceTree = BUILT_PRODUCTS_DIR; };
		B2AB56FB5C39C30B80B8F871 /* Pods-IMDb Movies.debug.xcconfig */ = {isa = PBXFileReference; includeInIndex = 1; lastKnownFileType = text.xcconfig; name = "Pods-IMDb Movies.debug.xcconfig"; path = "Target Support Files/Pods-IMDb Movies/Pods-IMDb Movies.debug.xcconfig"; sourceTree = "<group>"; };
		B57632E8284A334C0058FB3B /* ActorsHorizontalScroll.swift */ = {isa = PBXFileReference; lastKnownFileType = sourcecode.swift; path = ActorsHorizontalScroll.swift; sourceTree = "<group>"; };
		B578AB83285247680039A5FF /* FilmsInteractor.swift */ = {isa = PBXFileReference; lastKnownFileType = sourcecode.swift; path = FilmsInteractor.swift; sourceTree = "<group>"; };
		B578AB852852559B0039A5FF /* Extensions.swift */ = {isa = PBXFileReference; lastKnownFileType = sourcecode.swift; path = Extensions.swift; sourceTree = "<group>"; };
		B578AB87285274A00039A5FF /* RatingFrame.swift */ = {isa = PBXFileReference; lastKnownFileType = sourcecode.swift; path = RatingFrame.swift; sourceTree = "<group>"; };
		B578AB8B2853AFEA0039A5FF /* LoginView.swift */ = {isa = PBXFileReference; lastKnownFileType = sourcecode.swift; path = LoginView.swift; sourceTree = "<group>"; };
		B578AB8D2853D42C0039A5FF /* IMDb-Movies-Info.plist */ = {isa = PBXFileReference; lastKnownFileType = text.plist; path = "IMDb-Movies-Info.plist"; sourceTree = SOURCE_ROOT; };
		B578AB8E2853D8C00039A5FF /* AuthViewModel.swift */ = {isa = PBXFileReference; lastKnownFileType = sourcecode.swift; path = AuthViewModel.swift; sourceTree = "<group>"; };
		B578AB902853E0C50039A5FF /* ContentView.swift */ = {isa = PBXFileReference; lastKnownFileType = sourcecode.swift; path = ContentView.swift; sourceTree = "<group>"; };
		B579662E28547A9000A01FF4 /* AccountView.swift */ = {isa = PBXFileReference; lastKnownFileType = sourcecode.swift; path = AccountView.swift; sourceTree = "<group>"; };
		B58C7BCD28547BD50097501C /* AppTabView.swift */ = {isa = PBXFileReference; lastKnownFileType = sourcecode.swift; path = AppTabView.swift; sourceTree = "<group>"; };
		B5AEFCA12855CE6C00AC6B5F /* SearchView.swift */ = {isa = PBXFileReference; lastKnownFileType = sourcecode.swift; path = SearchView.swift; sourceTree = "<group>"; };
		B5AEFCC72856642100AC6B5F /* SearchViewModel.swift */ = {isa = PBXFileReference; lastKnownFileType = sourcecode.swift; path = SearchViewModel.swift; sourceTree = "<group>"; };
		B5C0B3392842ABAB00A1EBBE /* IMDb Movies.app */ = {isa = PBXFileReference; explicitFileType = wrapper.application; includeInIndex = 0; path = "IMDb Movies.app"; sourceTree = BUILT_PRODUCTS_DIR; };
		B5C0B33C2842ABAB00A1EBBE /* IMDb_MoviesApp.swift */ = {isa = PBXFileReference; lastKnownFileType = sourcecode.swift; path = IMDb_MoviesApp.swift; sourceTree = "<group>"; };
		B5C0B33E2842ABAB00A1EBBE /* HomeView.swift */ = {isa = PBXFileReference; lastKnownFileType = sourcecode.swift; path = HomeView.swift; sourceTree = "<group>"; };
		B5C0B3402842ABAF00A1EBBE /* Assets.xcassets */ = {isa = PBXFileReference; lastKnownFileType = folder.assetcatalog; path = Assets.xcassets; sourceTree = "<group>"; };
		B5C0B3432842ABAF00A1EBBE /* Preview Assets.xcassets */ = {isa = PBXFileReference; lastKnownFileType = folder.assetcatalog; path = "Preview Assets.xcassets"; sourceTree = "<group>"; };
		B5C0B3522842B3F400A1EBBE /* IMDbQuery.swift */ = {isa = PBXFileReference; lastKnownFileType = sourcecode.swift; path = IMDbQuery.swift; sourceTree = "<group>"; };
		B5C0B3542842B77E00A1EBBE /* FilmsListViewModel.swift */ = {isa = PBXFileReference; lastKnownFileType = sourcecode.swift; path = FilmsListViewModel.swift; sourceTree = "<group>"; };
		B5C0B3562844130600A1EBBE /* FilmDetailView.swift */ = {isa = PBXFileReference; lastKnownFileType = sourcecode.swift; path = FilmDetailView.swift; sourceTree = "<group>"; };
		B5C0B3582844DA2A00A1EBBE /* IMDbService.swift */ = {isa = PBXFileReference; lastKnownFileType = sourcecode.swift; path = IMDbService.swift; sourceTree = "<group>"; };
		B5C0B35A2846ADC200A1EBBE /* Film.swift */ = {isa = PBXFileReference; lastKnownFileType = sourcecode.swift; path = Film.swift; sourceTree = "<group>"; };
		B5C0B35C2846AF0E00A1EBBE /* Repository.swift */ = {isa = PBXFileReference; lastKnownFileType = sourcecode.swift; path = Repository.swift; sourceTree = "<group>"; };
		B5C0B35E28475FFD00A1EBBE /* RealmModels.swift */ = {isa = PBXFileReference; lastKnownFileType = sourcecode.swift; path = RealmModels.swift; sourceTree = "<group>"; };
		B5C0B3602847682800A1EBBE /* DBManager.swift */ = {isa = PBXFileReference; lastKnownFileType = sourcecode.swift; path = DBManager.swift; sourceTree = "<group>"; };
		B5C0B3632848C14900A1EBBE /* Poster.swift */ = {isa = PBXFileReference; lastKnownFileType = sourcecode.swift; path = Poster.swift; sourceTree = "<group>"; };
		B5C0B3652849332600A1EBBE /* FilmDetailViewModel.swift */ = {isa = PBXFileReference; lastKnownFileType = sourcecode.swift; path = FilmDetailViewModel.swift; sourceTree = "<group>"; };
		B5C0B3672849476E00A1EBBE /* PostersHorizontalScroll.swift */ = {isa = PBXFileReference; lastKnownFileType = sourcecode.swift; path = PostersHorizontalScroll.swift; sourceTree = "<group>"; };
		B5F8B9B6285749C100C59347 /* InListPosterView.swift */ = {isa = PBXFileReference; lastKnownFileType = sourcecode.swift; path = InListPosterView.swift; sourceTree = "<group>"; };
/* End PBXFileReference section */

/* Begin PBXFrameworksBuildPhase section */
		B5C0B3362842ABAB00A1EBBE /* Frameworks */ = {
			isa = PBXFrameworksBuildPhase;
			buildActionMask = 2147483647;
			files = (
				9B641A8B039B6FB2B72BA3E1 /* Pods_IMDb_Movies.framework in Frameworks */,
			);
			runOnlyForDeploymentPostprocessing = 0;
		};
/* End PBXFrameworksBuildPhase section */

/* Begin PBXGroup section */
		3B36B9167B8178B5E45889AD /* Pods */ = {
			isa = PBXGroup;
			children = (
				B2AB56FB5C39C30B80B8F871 /* Pods-IMDb Movies.debug.xcconfig */,
				7A59DA9F18E73B2E47403895 /* Pods-IMDb Movies.release.xcconfig */,
			);
			path = Pods;
			sourceTree = "<group>";
		};
		B5C0B3302842ABAB00A1EBBE = {
			isa = PBXGroup;
			children = (
				B5C0B33B2842ABAB00A1EBBE /* IMDb Movies */,
				B5C0B33A2842ABAB00A1EBBE /* Products */,
				3B36B9167B8178B5E45889AD /* Pods */,
				D8C489EA92B7B19F1B1FA13F /* Frameworks */,
			);
			sourceTree = "<group>";
		};
		B5C0B33A2842ABAB00A1EBBE /* Products */ = {
			isa = PBXGroup;
			children = (
				B5C0B3392842ABAB00A1EBBE /* IMDb Movies.app */,
			);
			name = Products;
			sourceTree = "<group>";
		};
		B5C0B33B2842ABAB00A1EBBE /* IMDb Movies */ = {
			isa = PBXGroup;
			children = (
				B578AB8D2853D42C0039A5FF /* IMDb-Movies-Info.plist */,
				B5C0B3402842ABAF00A1EBBE /* Assets.xcassets */,
				B5C0B33C2842ABAB00A1EBBE /* IMDb_MoviesApp.swift */,
				B5C0B34E2842B29000A1EBBE /* Models */,
				B5C0B3422842ABAF00A1EBBE /* Preview Content */,
				B5C0B34B2842B22E00A1EBBE /* Services */,
				B5C0B34F2842B2FD00A1EBBE /* ViewModels */,
				B5C0B34D2842B24300A1EBBE /* Views */,
			);
			path = "IMDb Movies";
			sourceTree = "<group>";
		};
		B5C0B3422842ABAF00A1EBBE /* Preview Content */ = {
			isa = PBXGroup;
			children = (
				B5C0B3432842ABAF00A1EBBE /* Preview Assets.xcassets */,
			);
			path = "Preview Content";
			sourceTree = "<group>";
		};
		B5C0B34B2842B22E00A1EBBE /* Services */ = {
			isa = PBXGroup;
			children = (
				B5C0B3602847682800A1EBBE /* DBManager.swift */,
				B578AB852852559B0039A5FF /* Extensions.swift */,
				B578AB83285247680039A5FF /* FilmsInteractor.swift */,
				B5C0B3582844DA2A00A1EBBE /* IMDbService.swift */,
				B5C0B35C2846AF0E00A1EBBE /* Repository.swift */,
			);
			path = Services;
			sourceTree = "<group>";
		};
		B5C0B34D2842B24300A1EBBE /* Views */ = {
			isa = PBXGroup;
			children = (
				B5F8B9B528572E3200C59347 /* Shared */,
				B579662E28547A9000A01FF4 /* AccountView.swift */,
				B58C7BCD28547BD50097501C /* AppTabView.swift */,
				B578AB902853E0C50039A5FF /* ContentView.swift */,
				B5C0B3562844130600A1EBBE /* FilmDetailView.swift */,
				B5C0B33E2842ABAB00A1EBBE /* HomeView.swift */,
				B578AB8B2853AFEA0039A5FF /* LoginView.swift */,
				B5AEFCA12855CE6C00AC6B5F /* SearchView.swift */,
			);
			path = Views;
			sourceTree = "<group>";
		};
		B5C0B34E2842B29000A1EBBE /* Models */ = {
			isa = PBXGroup;
			children = (
				B5C0B35A2846ADC200A1EBBE /* Film.swift */,
				B5C0B3522842B3F400A1EBBE /* IMDbQuery.swift */,
				B5C0B3632848C14900A1EBBE /* Poster.swift */,
				B5C0B35E28475FFD00A1EBBE /* RealmModels.swift */,
			);
			path = Models;
			sourceTree = "<group>";
		};
		B5C0B34F2842B2FD00A1EBBE /* ViewModels */ = {
			isa = PBXGroup;
			children = (
				B578AB8E2853D8C00039A5FF /* AuthViewModel.swift */,
				B5C0B3652849332600A1EBBE /* FilmDetailViewModel.swift */,
				B5C0B3542842B77E00A1EBBE /* FilmsListViewModel.swift */,
				B5AEFCC72856642100AC6B5F /* SearchViewModel.swift */,
			);
			path = ViewModels;
			sourceTree = "<group>";
		};
		B5F8B9B528572E3200C59347 /* Shared */ = {
			isa = PBXGroup;
			children = (
				B57632E8284A334C0058FB3B /* ActorsHorizontalScroll.swift */,
				B5C0B3672849476E00A1EBBE /* PostersHorizontalScroll.swift */,
				B578AB87285274A00039A5FF /* RatingFrame.swift */,
				B5F8B9B6285749C100C59347 /* InListPosterView.swift */,
			);
			path = Shared;
			sourceTree = "<group>";
		};
		D8C489EA92B7B19F1B1FA13F /* Frameworks */ = {
			isa = PBXGroup;
			children = (
				A4FC18697812EA2D8CEBDE5E /* Pods_IMDb_Movies.framework */,
			);
			name = Frameworks;
			sourceTree = "<group>";
		};
/* End PBXGroup section */

/* Begin PBXNativeTarget section */
		B5C0B3382842ABAB00A1EBBE /* IMDb Movies */ = {
			isa = PBXNativeTarget;
			buildConfigurationList = B5C0B3472842ABAF00A1EBBE /* Build configuration list for PBXNativeTarget "IMDb Movies" */;
			buildPhases = (
				6FAA8A5F4596F19E74565AF8 /* [CP] Check Pods Manifest.lock */,
				B5C0B34A2842B10D00A1EBBE /* Run swiftlint */,
				B5C0B3352842ABAB00A1EBBE /* Sources */,
				B5C0B3362842ABAB00A1EBBE /* Frameworks */,
				B5C0B3372842ABAB00A1EBBE /* Resources */,
				88208C58619EECCCBE2EDC4F /* [CP] Embed Pods Frameworks */,
			);
			buildRules = (
			);
			dependencies = (
			);
			name = "IMDb Movies";
			productName = "IMDb Movies";
			productReference = B5C0B3392842ABAB00A1EBBE /* IMDb Movies.app */;
			productType = "com.apple.product-type.application";
		};
/* End PBXNativeTarget section */

/* Begin PBXProject section */
		B5C0B3312842ABAB00A1EBBE /* Project object */ = {
			isa = PBXProject;
			attributes = {
				BuildIndependentTargetsInParallel = 1;
				LastSwiftUpdateCheck = 1330;
				LastUpgradeCheck = 1330;
				TargetAttributes = {
					B5C0B3382842ABAB00A1EBBE = {
						CreatedOnToolsVersion = 13.3.1;
					};
				};
			};
			buildConfigurationList = B5C0B3342842ABAB00A1EBBE /* Build configuration list for PBXProject "IMDb Movies" */;
			compatibilityVersion = "Xcode 13.0";
			developmentRegion = en;
			hasScannedForEncodings = 0;
			knownRegions = (
				en,
				Base,
			);
			mainGroup = B5C0B3302842ABAB00A1EBBE;
			productRefGroup = B5C0B33A2842ABAB00A1EBBE /* Products */;
			projectDirPath = "";
			projectRoot = "";
			targets = (
				B5C0B3382842ABAB00A1EBBE /* IMDb Movies */,
			);
		};
/* End PBXProject section */

/* Begin PBXResourcesBuildPhase section */
		B5C0B3372842ABAB00A1EBBE /* Resources */ = {
			isa = PBXResourcesBuildPhase;
			buildActionMask = 2147483647;
			files = (
				B5C0B3442842ABAF00A1EBBE /* Preview Assets.xcassets in Resources */,
				B5C0B3412842ABAF00A1EBBE /* Assets.xcassets in Resources */,
			);
			runOnlyForDeploymentPostprocessing = 0;
		};
/* End PBXResourcesBuildPhase section */

/* Begin PBXShellScriptBuildPhase section */
		6FAA8A5F4596F19E74565AF8 /* [CP] Check Pods Manifest.lock */ = {
			isa = PBXShellScriptBuildPhase;
			buildActionMask = 2147483647;
			files = (
			);
			inputFileListPaths = (
			);
			inputPaths = (
				"${PODS_PODFILE_DIR_PATH}/Podfile.lock",
				"${PODS_ROOT}/Manifest.lock",
			);
			name = "[CP] Check Pods Manifest.lock";
			outputFileListPaths = (
			);
			outputPaths = (
				"$(DERIVED_FILE_DIR)/Pods-IMDb Movies-checkManifestLockResult.txt",
			);
			runOnlyForDeploymentPostprocessing = 0;
			shellPath = /bin/sh;
			shellScript = "diff \"${PODS_PODFILE_DIR_PATH}/Podfile.lock\" \"${PODS_ROOT}/Manifest.lock\" > /dev/null\nif [ $? != 0 ] ; then\n    # print error to STDERR\n    echo \"error: The sandbox is not in sync with the Podfile.lock. Run 'pod install' or update your CocoaPods installation.\" >&2\n    exit 1\nfi\n# This output is used by Xcode 'outputs' to avoid re-running this script phase.\necho \"SUCCESS\" > \"${SCRIPT_OUTPUT_FILE_0}\"\n";
			showEnvVarsInLog = 0;
		};
		88208C58619EECCCBE2EDC4F /* [CP] Embed Pods Frameworks */ = {
			isa = PBXShellScriptBuildPhase;
			buildActionMask = 2147483647;
			files = (
			);
			inputFileListPaths = (
				"${PODS_ROOT}/Target Support Files/Pods-IMDb Movies/Pods-IMDb Movies-frameworks-${CONFIGURATION}-input-files.xcfilelist",
			);
			name = "[CP] Embed Pods Frameworks";
			outputFileListPaths = (
				"${PODS_ROOT}/Target Support Files/Pods-IMDb Movies/Pods-IMDb Movies-frameworks-${CONFIGURATION}-output-files.xcfilelist",
			);
			runOnlyForDeploymentPostprocessing = 0;
			shellPath = /bin/sh;
			shellScript = "\"${PODS_ROOT}/Target Support Files/Pods-IMDb Movies/Pods-IMDb Movies-frameworks.sh\"\n";
			showEnvVarsInLog = 0;
		};
		B5C0B34A2842B10D00A1EBBE /* Run swiftlint */ = {
			isa = PBXShellScriptBuildPhase;
			buildActionMask = 2147483647;
			files = (
			);
			inputFileListPaths = (
			);
			inputPaths = (
			);
			name = "Run swiftlint";
			outputFileListPaths = (
			);
			outputPaths = (
			);
			runOnlyForDeploymentPostprocessing = 0;
			shellPath = /bin/sh;
			shellScript = "#if which swiftlint >/dev/null; then\n#    swiftlint\n#else \n#  echo \"SwiftLint not installed\"\n#fi\n\n";
		};
/* End PBXShellScriptBuildPhase section */

/* Begin PBXSourcesBuildPhase section */
		B5C0B3352842ABAB00A1EBBE /* Sources */ = {
			isa = PBXSourcesBuildPhase;
			buildActionMask = 2147483647;
			files = (
				B578AB8F2853D8C00039A5FF /* AuthViewModel.swift in Sources */,
				B5C0B35F28475FFD00A1EBBE /* RealmModels.swift in Sources */,
				B5C0B3682849476E00A1EBBE /* PostersHorizontalScroll.swift in Sources */,
				B5C0B3552842B77E00A1EBBE /* FilmsListViewModel.swift in Sources */,
				B58C7BCE28547BD50097501C /* AppTabView.swift in Sources */,
				B579662F28547A9000A01FF4 /* AccountView.swift in Sources */,
				B5C0B3572844130600A1EBBE /* FilmDetailView.swift in Sources */,
				B5C0B33F2842ABAB00A1EBBE /* HomeView.swift in Sources */,
				B5C0B35D2846AF0E00A1EBBE /* Repository.swift in Sources */,
				B5F8B9B7285749C100C59347 /* InListPosterView.swift in Sources */,
				B578AB912853E0C50039A5FF /* ContentView.swift in Sources */,
				B5C0B3612847682800A1EBBE /* DBManager.swift in Sources */,
				B578AB84285247680039A5FF /* FilmsInteractor.swift in Sources */,
				B5C0B3532842B3F400A1EBBE /* IMDbQuery.swift in Sources */,
				B5AEFCA22855CE6C00AC6B5F /* SearchView.swift in Sources */,
				B5C0B3592844DA2A00A1EBBE /* IMDbService.swift in Sources */,
				B5C0B33D2842ABAB00A1EBBE /* IMDb_MoviesApp.swift in Sources */,
				B578AB862852559B0039A5FF /* Extensions.swift in Sources */,
				B57632E9284A334C0058FB3B /* ActorsHorizontalScroll.swift in Sources */,
				B5AEFCC82856642100AC6B5F /* SearchViewModel.swift in Sources */,
				B5C0B35B2846ADC200A1EBBE /* Film.swift in Sources */,
				B578AB88285274A00039A5FF /* RatingFrame.swift in Sources */,
				B5C0B3642848C14900A1EBBE /* Poster.swift in Sources */,
				B578AB8C2853AFEA0039A5FF /* LoginView.swift in Sources */,
				B5C0B3662849332600A1EBBE /* FilmDetailViewModel.swift in Sources */,
			);
			runOnlyForDeploymentPostprocessing = 0;
		};
/* End PBXSourcesBuildPhase section */

/* Begin XCBuildConfiguration section */
		B5C0B3452842ABAF00A1EBBE /* Debug */ = {
			isa = XCBuildConfiguration;
			buildSettings = {
				ALWAYS_SEARCH_USER_PATHS = NO;
				CLANG_ANALYZER_NONNULL = YES;
				CLANG_ANALYZER_NUMBER_OBJECT_CONVERSION = YES_AGGRESSIVE;
				CLANG_CXX_LANGUAGE_STANDARD = "gnu++17";
				CLANG_ENABLE_MODULES = YES;
				CLANG_ENABLE_OBJC_ARC = YES;
				CLANG_ENABLE_OBJC_WEAK = YES;
				CLANG_WARN_BLOCK_CAPTURE_AUTORELEASING = YES;
				CLANG_WARN_BOOL_CONVERSION = YES;
				CLANG_WARN_COMMA = YES;
				CLANG_WARN_CONSTANT_CONVERSION = YES;
				CLANG_WARN_DEPRECATED_OBJC_IMPLEMENTATIONS = YES;
				CLANG_WARN_DIRECT_OBJC_ISA_USAGE = YES_ERROR;
				CLANG_WARN_DOCUMENTATION_COMMENTS = YES;
				CLANG_WARN_EMPTY_BODY = YES;
				CLANG_WARN_ENUM_CONVERSION = YES;
				CLANG_WARN_INFINITE_RECURSION = YES;
				CLANG_WARN_INT_CONVERSION = YES;
				CLANG_WARN_NON_LITERAL_NULL_CONVERSION = YES;
				CLANG_WARN_OBJC_IMPLICIT_RETAIN_SELF = YES;
				CLANG_WARN_OBJC_LITERAL_CONVERSION = YES;
				CLANG_WARN_OBJC_ROOT_CLASS = YES_ERROR;
				CLANG_WARN_QUOTED_INCLUDE_IN_FRAMEWORK_HEADER = YES;
				CLANG_WARN_RANGE_LOOP_ANALYSIS = YES;
				CLANG_WARN_STRICT_PROTOTYPES = YES;
				CLANG_WARN_SUSPICIOUS_MOVE = YES;
				CLANG_WARN_UNGUARDED_AVAILABILITY = YES_AGGRESSIVE;
				CLANG_WARN_UNREACHABLE_CODE = YES;
				CLANG_WARN__DUPLICATE_METHOD_MATCH = YES;
				COPY_PHASE_STRIP = NO;
				DEBUG_INFORMATION_FORMAT = dwarf;
				ENABLE_STRICT_OBJC_MSGSEND = YES;
				ENABLE_TESTABILITY = YES;
				GCC_C_LANGUAGE_STANDARD = gnu11;
				GCC_DYNAMIC_NO_PIC = NO;
				GCC_NO_COMMON_BLOCKS = YES;
				GCC_OPTIMIZATION_LEVEL = 0;
				GCC_PREPROCESSOR_DEFINITIONS = (
					"DEBUG=1",
					"$(inherited)",
				);
				GCC_WARN_64_TO_32_BIT_CONVERSION = YES;
				GCC_WARN_ABOUT_RETURN_TYPE = YES_ERROR;
				GCC_WARN_UNDECLARED_SELECTOR = YES;
				GCC_WARN_UNINITIALIZED_AUTOS = YES_AGGRESSIVE;
				GCC_WARN_UNUSED_FUNCTION = YES;
				GCC_WARN_UNUSED_VARIABLE = YES;
				IPHONEOS_DEPLOYMENT_TARGET = 15.4;
				MTL_ENABLE_DEBUG_INFO = INCLUDE_SOURCE;
				MTL_FAST_MATH = YES;
				ONLY_ACTIVE_ARCH = YES;
				SDKROOT = iphoneos;
				SWIFT_ACTIVE_COMPILATION_CONDITIONS = DEBUG;
				SWIFT_OPTIMIZATION_LEVEL = "-Onone";
			};
			name = Debug;
		};
		B5C0B3462842ABAF00A1EBBE /* Release */ = {
			isa = XCBuildConfiguration;
			buildSettings = {
				ALWAYS_SEARCH_USER_PATHS = NO;
				CLANG_ANALYZER_NONNULL = YES;
				CLANG_ANALYZER_NUMBER_OBJECT_CONVERSION = YES_AGGRESSIVE;
				CLANG_CXX_LANGUAGE_STANDARD = "gnu++17";
				CLANG_ENABLE_MODULES = YES;
				CLANG_ENABLE_OBJC_ARC = YES;
				CLANG_ENABLE_OBJC_WEAK = YES;
				CLANG_WARN_BLOCK_CAPTURE_AUTORELEASING = YES;
				CLANG_WARN_BOOL_CONVERSION = YES;
				CLANG_WARN_COMMA = YES;
				CLANG_WARN_CONSTANT_CONVERSION = YES;
				CLANG_WARN_DEPRECATED_OBJC_IMPLEMENTATIONS = YES;
				CLANG_WARN_DIRECT_OBJC_ISA_USAGE = YES_ERROR;
				CLANG_WARN_DOCUMENTATION_COMMENTS = YES;
				CLANG_WARN_EMPTY_BODY = YES;
				CLANG_WARN_ENUM_CONVERSION = YES;
				CLANG_WARN_INFINITE_RECURSION = YES;
				CLANG_WARN_INT_CONVERSION = YES;
				CLANG_WARN_NON_LITERAL_NULL_CONVERSION = YES;
				CLANG_WARN_OBJC_IMPLICIT_RETAIN_SELF = YES;
				CLANG_WARN_OBJC_LITERAL_CONVERSION = YES;
				CLANG_WARN_OBJC_ROOT_CLASS = YES_ERROR;
				CLANG_WARN_QUOTED_INCLUDE_IN_FRAMEWORK_HEADER = YES;
				CLANG_WARN_RANGE_LOOP_ANALYSIS = YES;
				CLANG_WARN_STRICT_PROTOTYPES = YES;
				CLANG_WARN_SUSPICIOUS_MOVE = YES;
				CLANG_WARN_UNGUARDED_AVAILABILITY = YES_AGGRESSIVE;
				CLANG_WARN_UNREACHABLE_CODE = YES;
				CLANG_WARN__DUPLICATE_METHOD_MATCH = YES;
				COPY_PHASE_STRIP = NO;
				DEBUG_INFORMATION_FORMAT = "dwarf-with-dsym";
				ENABLE_NS_ASSERTIONS = NO;
				ENABLE_STRICT_OBJC_MSGSEND = YES;
				GCC_C_LANGUAGE_STANDARD = gnu11;
				GCC_NO_COMMON_BLOCKS = YES;
				GCC_WARN_64_TO_32_BIT_CONVERSION = YES;
				GCC_WARN_ABOUT_RETURN_TYPE = YES_ERROR;
				GCC_WARN_UNDECLARED_SELECTOR = YES;
				GCC_WARN_UNINITIALIZED_AUTOS = YES_AGGRESSIVE;
				GCC_WARN_UNUSED_FUNCTION = YES;
				GCC_WARN_UNUSED_VARIABLE = YES;
				IPHONEOS_DEPLOYMENT_TARGET = 15.4;
				MTL_ENABLE_DEBUG_INFO = NO;
				MTL_FAST_MATH = YES;
				SDKROOT = iphoneos;
				SWIFT_COMPILATION_MODE = wholemodule;
				SWIFT_OPTIMIZATION_LEVEL = "-O";
				VALIDATE_PRODUCT = YES;
			};
			name = Release;
		};
		B5C0B3482842ABAF00A1EBBE /* Debug */ = {
			isa = XCBuildConfiguration;
			baseConfigurationReference = B2AB56FB5C39C30B80B8F871 /* Pods-IMDb Movies.debug.xcconfig */;
			buildSettings = {
				ASSETCATALOG_COMPILER_APPICON_NAME = AppIcon;
				ASSETCATALOG_COMPILER_GLOBAL_ACCENT_COLOR_NAME = AccentColor;
				CODE_SIGN_STYLE = Automatic;
				CURRENT_PROJECT_VERSION = 1;
				DEVELOPMENT_ASSET_PATHS = "\"IMDb Movies/Preview Content\"";
				DEVELOPMENT_TEAM = M83J465D86;
				ENABLE_PREVIEWS = YES;
				GENERATE_INFOPLIST_FILE = YES;
				INFOPLIST_FILE = "IMDb-Movies-Info.plist";
				INFOPLIST_KEY_UIApplicationSceneManifest_Generation = YES;
				INFOPLIST_KEY_UIApplicationSupportsIndirectInputEvents = YES;
				INFOPLIST_KEY_UILaunchScreen_Generation = YES;
				INFOPLIST_KEY_UISupportedInterfaceOrientations_iPad = "UIInterfaceOrientationPortrait UIInterfaceOrientationPortraitUpsideDown UIInterfaceOrientationLandscapeLeft UIInterfaceOrientationLandscapeRight";
				INFOPLIST_KEY_UISupportedInterfaceOrientations_iPhone = "UIInterfaceOrientationPortrait UIInterfaceOrientationLandscapeLeft UIInterfaceOrientationLandscapeRight";
				LD_RUNPATH_SEARCH_PATHS = (
					"$(inherited)",
					"@executable_path/Frameworks",
				);
				MARKETING_VERSION = 1.0;
				PRODUCT_BUNDLE_IDENTIFIER = "savvin.mo-yandex.ru.IMDb-Movies";
				PRODUCT_NAME = "$(TARGET_NAME)";
				SWIFT_EMIT_LOC_STRINGS = YES;
				SWIFT_VERSION = 5.0;
				TARGETED_DEVICE_FAMILY = "1,2";
			};
			name = Debug;
		};
		B5C0B3492842ABAF00A1EBBE /* Release */ = {
			isa = XCBuildConfiguration;
			baseConfigurationReference = 7A59DA9F18E73B2E47403895 /* Pods-IMDb Movies.release.xcconfig */;
			buildSettings = {
				ASSETCATALOG_COMPILER_APPICON_NAME = AppIcon;
				ASSETCATALOG_COMPILER_GLOBAL_ACCENT_COLOR_NAME = AccentColor;
				CODE_SIGN_STYLE = Automatic;
				CURRENT_PROJECT_VERSION = 1;
				DEVELOPMENT_ASSET_PATHS = "\"IMDb Movies/Preview Content\"";
				DEVELOPMENT_TEAM = M83J465D86;
				ENABLE_PREVIEWS = YES;
				GENERATE_INFOPLIST_FILE = YES;
				INFOPLIST_FILE = "IMDb-Movies-Info.plist";
				INFOPLIST_KEY_UIApplicationSceneManifest_Generation = YES;
				INFOPLIST_KEY_UIApplicationSupportsIndirectInputEvents = YES;
				INFOPLIST_KEY_UILaunchScreen_Generation = YES;
				INFOPLIST_KEY_UISupportedInterfaceOrientations_iPad = "UIInterfaceOrientationPortrait UIInterfaceOrientationPortraitUpsideDown UIInterfaceOrientationLandscapeLeft UIInterfaceOrientationLandscapeRight";
				INFOPLIST_KEY_UISupportedInterfaceOrientations_iPhone = "UIInterfaceOrientationPortrait UIInterfaceOrientationLandscapeLeft UIInterfaceOrientationLandscapeRight";
				LD_RUNPATH_SEARCH_PATHS = (
					"$(inherited)",
					"@executable_path/Frameworks",
				);
				MARKETING_VERSION = 1.0;
				PRODUCT_BUNDLE_IDENTIFIER = "savvin.mo-yandex.ru.IMDb-Movies";
				PRODUCT_NAME = "$(TARGET_NAME)";
				SWIFT_EMIT_LOC_STRINGS = YES;
				SWIFT_VERSION = 5.0;
				TARGETED_DEVICE_FAMILY = "1,2";
			};
			name = Release;
		};
/* End XCBuildConfiguration section */

/* Begin XCConfigurationList section */
		B5C0B3342842ABAB00A1EBBE /* Build configuration list for PBXProject "IMDb Movies" */ = {
			isa = XCConfigurationList;
			buildConfigurations = (
				B5C0B3452842ABAF00A1EBBE /* Debug */,
				B5C0B3462842ABAF00A1EBBE /* Release */,
			);
			defaultConfigurationIsVisible = 0;
			defaultConfigurationName = Release;
		};
		B5C0B3472842ABAF00A1EBBE /* Build configuration list for PBXNativeTarget "IMDb Movies" */ = {
			isa = XCConfigurationList;
			buildConfigurations = (
				B5C0B3482842ABAF00A1EBBE /* Debug */,
				B5C0B3492842ABAF00A1EBBE /* Release */,
			);
			defaultConfigurationIsVisible = 0;
			defaultConfigurationName = Release;
		};
/* End XCConfigurationList section */
	};
	rootObject = B5C0B3312842ABAB00A1EBBE /* Project object */;
}
